// !$*UTF8*$!
{
	archiveVersion = 1;
	classes = {
	};
	objectVersion = 77;
	objects = {

/* Begin PBXContainerItemProxy section */
		00EBA3012F11B85D00604261 /* PBXContainerItemProxy */ = {
			isa = PBXContainerItemProxy;
			containerPortal = 00EBA2E82F11B85B00604261 /* Project object */;
			proxyType = 1;
			remoteGlobalIDString = 00EBA2EF2F11B85C00604261;
			remoteInfo = "Mindfold";
		};
		00EBA30B2F11B85D00604261 /* PBXContainerItemProxy */ = {
			isa = PBXContainerItemProxy;
			containerPortal = 00EBA2E82F11B85B00604261 /* Project object */;
			proxyType = 1;
			remoteGlobalIDString = 00EBA2EF2F11B85C00604261;
			remoteInfo = "Mindfold";
		};
/* End PBXContainerItemProxy section */

/* Begin PBXFileReference section */
		00EBA2F02F11B85C00604261 /* Mindfold.app */ = {isa = PBXFileReference; explicitFileType = wrapper.application; includeInIndex = 0; path = "Mindfold.app"; sourceTree = BUILT_PRODUCTS_DIR; };
		00EBA3002F11B85D00604261 /* MindfoldTests.xctest */ = {isa = PBXFileReference; explicitFileType = wrapper.cfbundle; includeInIndex = 0; path = "MindfoldTests.xctest"; sourceTree = BUILT_PRODUCTS_DIR; };
		00EBA30A2F11B85D00604261 /* MindfoldUITests.xctest */ = {isa = PBXFileReference; explicitFileType = wrapper.cfbundle; includeInIndex = 0; path = "MindfoldUITests.xctest"; sourceTree = BUILT_PRODUCTS_DIR; };
/* End PBXFileReference section */

/* Begin PBXFileSystemSynchronizedRootGroup section */
		00EBA2F22F11B85C00604261 /* Mindfold */ = {
			isa = PBXFileSystemSynchronizedRootGroup;
			path = "Mindfold";
			sourceTree = "<group>";
		};
		00EBA3032F11B85D00604261 /* MindfoldTests */ = {
			isa = PBXFileSystemSynchronizedRootGroup;
			path = "MindfoldTests";
			sourceTree = "<group>";
		};
		00EBA30D2F11B85D00604261 /* MindfoldUITests */ = {
			isa = PBXFileSystemSynchronizedRootGroup;
			path = "MindfoldUITests";
			sourceTree = "<group>";
		};
/* End PBXFileSystemSynchronizedRootGroup section */

/* Begin PBXFrameworksBuildPhase section */
		00EBA2ED2F11B85C00604261 /* Frameworks */ = {
			isa = PBXFrameworksBuildPhase;
			buildActionMask = 2147483647;
			files = (
			);
			runOnlyForDeploymentPostprocessing = 0;
		};
		00EBA2FD2F11B85D00604261 /* Frameworks */ = {
			isa = PBXFrameworksBuildPhase;
			buildActionMask = 2147483647;
			files = (
			);
			runOnlyForDeploymentPostprocessing = 0;
		};
		00EBA3072F11B85D00604261 /* Frameworks */ = {
			isa = PBXFrameworksBuildPhase;
			buildActionMask = 2147483647;
			files = (
			);
			runOnlyForDeploymentPostprocessing = 0;
		};
/* End PBXFrameworksBuildPhase section */

/* Begin PBXGroup section */
		00EBA2E72F11B85B00604261 = {
			isa = PBXGroup;
			children = (
				00EBA2F22F11B85C00604261 /* Mindfold */,
				00EBA3032F11B85D00604261 /* MindfoldTests */,
				00EBA30D2F11B85D00604261 /* MindfoldUITests */,
				00EBA2F12F11B85C00604261 /* Products */,
			);
			sourceTree = "<group>";
		};
		00EBA2F12F11B85C00604261 /* Products */ = {
			isa = PBXGroup;
			children = (
				00EBA2F02F11B85C00604261 /* Mindfold.app */,
				00EBA3002F11B85D00604261 /* MindfoldTests.xctest */,
				00EBA30A2F11B85D00604261 /* MindfoldUITests.xctest */,
			);
			name = Products;
			sourceTree = "<group>";
		};
/* End PBXGroup section */

/* Begin PBXNativeTarget section */
		00EBA2EF2F11B85C00604261 /* Mindfold */ = {
			isa = PBXNativeTarget;
			buildConfigurationList = 00EBA3142F11B85D00604261 /* Build configuration list for PBXNativeTarget "Mindfold" */;
			buildPhases = (
				00EBA2EC2F11B85C00604261 /* Sources */,
				00EBA2ED2F11B85C00604261 /* Frameworks */,
				00EBA2EE2F11B85C00604261 /* Resources */,
			);
			buildRules = (
			);
			dependencies = (
			);
			fileSystemSynchronizedGroups = (
				00EBA2F22F11B85C00604261 /* Mindfold */,
			);
			name = "Mindfold";
			packageProductDependencies = (
			);
			productName = "Mindfold";
			productReference = 00EBA2F02F11B85C00604261 /* Mindfold.app */;
			productType = "com.apple.product-type.application";
		};
		00EBA2FF2F11B85D00604261 /* MindfoldTests */ = {
			isa = PBXNativeTarget;
			buildConfigurationList = 00EBA3172F11B85D00604261 /* Build configuration list for PBXNativeTarget "MindfoldTests" */;
			buildPhases = (
				00EBA2FC2F11B85D00604261 /* Sources */,
				00EBA2FD2F11B85D00604261 /* Frameworks */,
				00EBA2FE2F11B85D00604261 /* Resources */,
			);
			buildRules = (
			);
			dependencies = (
				00EBA3022F11B85D00604261 /* PBXTargetDependency */,
			);
			fileSystemSynchronizedGroups = (
				00EBA3032F11B85D00604261 /* MindfoldTests */,
			);
			name = "MindfoldTests";
			packageProductDependencies = (
			);
			productName = "MindfoldTests";
			productReference = 00EBA3002F11B85D00604261 /* MindfoldTests.xctest */;
			productType = "com.apple.product-type.bundle.unit-test";
		};
		00EBA3092F11B85D00604261 /* MindfoldUITests */ = {
			isa = PBXNativeTarget;
			buildConfigurationList = 00EBA31A2F11B85D00604261 /* Build configuration list for PBXNativeTarget "MindfoldUITests" */;
			buildPhases = (
				00EBA3062F11B85D00604261 /* Sources */,
				00EBA3072F11B85D00604261 /* Frameworks */,
				00EBA3082F11B85D00604261 /* Resources */,
			);
			buildRules = (
			);
			dependencies = (
				00EBA30C2F11B85D00604261 /* PBXTargetDependency */,
			);
			fileSystemSynchronizedGroups = (
				00EBA30D2F11B85D00604261 /* MindfoldUITests */,
			);
			name = "MindfoldUITests";
			packageProductDependencies = (
			);
			productName = "MindfoldUITests";
			productReference = 00EBA30A2F11B85D00604261 /* MindfoldUITests.xctest */;
			productType = "com.apple.product-type.bundle.ui-testing";
		};
/* End PBXNativeTarget section */

/* Begin PBXProject section */
		00EBA2E82F11B85B00604261 /* Project object */ = {
			isa = PBXProject;
			attributes = {
				BuildIndependentTargetsInParallel = 1;
				LastSwiftUpdateCheck = 1620;
				LastUpgradeCheck = 1620;
				TargetAttributes = {
					00EBA2EF2F11B85C00604261 = {
						CreatedOnToolsVersion = 16.2;
					};
					00EBA2FF2F11B85D00604261 = {
						CreatedOnToolsVersion = 16.2;
						TestTargetID = 00EBA2EF2F11B85C00604261;
					};
					00EBA3092F11B85D00604261 = {
						CreatedOnToolsVersion = 16.2;
						TestTargetID = 00EBA2EF2F11B85C00604261;
					};
				};
			};
			buildConfigurationList = 00EBA2EB2F11B85B00604261 /* Build configuration list for PBXProject "Mindfold" */;
			developmentRegion = en;
			hasScannedForEncodings = 0;
			knownRegions = (
				en,
				Base,
			);
			mainGroup = 00EBA2E72F11B85B00604261;
			minimizedProjectReferenceProxies = 1;
			preferredProjectObjectVersion = 77;
			productRefGroup = 00EBA2F12F11B85C00604261 /* Products */;
			projectDirPath = "";
			projectRoot = "";
			targets = (
				00EBA2EF2F11B85C00604261 /* Mindfold */,
				00EBA2FF2F11B85D00604261 /* MindfoldTests */,
				00EBA3092F11B85D00604261 /* MindfoldUITests */,
			);
		};
/* End PBXProject section */

/* Begin PBXResourcesBuildPhase section */
		00EBA2EE2F11B85C00604261 /* Resources */ = {
			isa = PBXResourcesBuildPhase;
			buildActionMask = 2147483647;
			files = (
			);
			runOnlyForDeploymentPostprocessing = 0;
		};
		00EBA2FE2F11B85D00604261 /* Resources */ = {
			isa = PBXResourcesBuildPhase;
			buildActionMask = 2147483647;
			files = (
			);
			runOnlyForDeploymentPostprocessing = 0;
		};
		00EBA3082F11B85D00604261 /* Resources */ = {
			isa = PBXResourcesBuildPhase;
			buildActionMask = 2147483647;
			files = (
			);
			runOnlyForDeploymentPostprocessing = 0;
		};
/* End PBXResourcesBuildPhase section */

/* Begin PBXSourcesBuildPhase section */
		00EBA2EC2F11B85C00604261 /* Sources */ = {
			isa = PBXSourcesBuildPhase;
			buildActionMask = 2147483647;
			files = (
			);
			runOnlyForDeploymentPostprocessing = 0;
		};
		00EBA2FC2F11B85D00604261 /* Sources */ = {
			isa = PBXSourcesBuildPhase;
			buildActionMask = 2147483647;
			files = (
			);
			runOnlyForDeploymentPostprocessing = 0;
		};
		00EBA3062F11B85D00604261 /* Sources */ = {
			isa = PBXSourcesBuildPhase;
			buildActionMask = 2147483647;
			files = (
			);
			runOnlyForDeploymentPostprocessing = 0;
		};
/* End PBXSourcesBuildPhase section */

/* Begin PBXTargetDependency section */
		00EBA3022F11B85D00604261 /* PBXTargetDependency */ = {
			isa = PBXTargetDependency;
			target = 00EBA2EF2F11B85C00604261 /* Mindfold */;
			targetProxy = 00EBA3012F11B85D00604261 /* PBXContainerItemProxy */;
		};
		00EBA30C2F11B85D00604261 /* PBXTargetDependency */ = {
			isa = PBXTargetDependency;
			target = 00EBA2EF2F11B85C00604261 /* Mindfold */;
			targetProxy = 00EBA30B2F11B85D00604261 /* PBXContainerItemProxy */;
		};
/* End PBXTargetDependency section */

/* Begin XCBuildConfiguration section */
		00EBA3122F11B85D00604261 /* Debug */ = {
			isa = XCBuildConfiguration;
			buildSettings = {
				ALWAYS_SEARCH_USER_PATHS = NO;
				ASSETCATALOG_COMPILER_GENERATE_SWIFT_ASSET_SYMBOL_EXTENSIONS = YES;
				CLANG_ANALYZER_NONNULL = YES;
				CLANG_ANALYZER_NUMBER_OBJECT_CONVERSION = YES_AGGRESSIVE;
				CLANG_CXX_LANGUAGE_STANDARD = "gnu++20";
				CLANG_ENABLE_MODULES = YES;
				CLANG_ENABLE_OBJC_ARC = YES;
				CLANG_ENABLE_OBJC_WEAK = YES;
				CLANG_WARN_BLOCK_CAPTURE_AUTORELEASING = YES;
				CLANG_WARN_BOOL_CONVERSION = YES;
				CLANG_WARN_COMMA = YES;
				CLANG_WARN_CONSTANT_CONVERSION = YES;
				CLANG_WARN_DEPRECATED_OBJC_IMPLEMENTATIONS = YES;
				CLANG_WARN_DIRECT_OBJC_ISA_USAGE = YES_ERROR;
				CLANG_WARN_DOCUMENTATION_COMMENTS = YES;
				CLANG_WARN_EMPTY_BODY = YES;
				CLANG_WARN_ENUM_CONVERSION = YES;
				CLANG_WARN_INFINITE_RECURSION = YES;
				CLANG_WARN_INT_CONVERSION = YES;
				CLANG_WARN_NON_LITERAL_NULL_CONVERSION = YES;
				CLANG_WARN_OBJC_IMPLICIT_RETAIN_SELF = YES;
				CLANG_WARN_OBJC_LITERAL_CONVERSION = YES;
				CLANG_WARN_OBJC_ROOT_CLASS = YES_ERROR;
				CLANG_WARN_QUOTED_INCLUDE_IN_FRAMEWORK_HEADER = YES;
				CLANG_WARN_RANGE_LOOP_ANALYSIS = YES;
				CLANG_WARN_STRICT_PROTOTYPES = YES;
				CLANG_WARN_SUSPICIOUS_MOVE = YES;
				CLANG_WARN_UNGUARDED_AVAILABILITY = YES_AGGRESSIVE;
				CLANG_WARN_UNREACHABLE_CODE = YES;
				CLANG_WARN__DUPLICATE_METHOD_MATCH = YES;
				COPY_PHASE_STRIP = NO;
				DEBUG_INFORMATION_FORMAT = dwarf;
				ENABLE_STRICT_OBJC_MSGSEND = YES;
				ENABLE_TESTABILITY = YES;
				ENABLE_USER_SCRIPT_SANDBOXING = YES;
				GCC_C_LANGUAGE_STANDARD = gnu17;
				GCC_DYNAMIC_NO_PIC = NO;
				GCC_NO_COMMON_BLOCKS = YES;
				GCC_OPTIMIZATION_LEVEL = 0;
				GCC_PREPROCESSOR_DEFINITIONS = (
					"DEBUG=1",
					"$(inherited)",
				);
				GCC_WARN_64_TO_32_BIT_CONVERSION = YES;
				GCC_WARN_ABOUT_RETURN_TYPE = YES_ERROR;
				GCC_WARN_UNDECLARED_SELECTOR = YES;
				GCC_WARN_UNINITIALIZED_AUTOS = YES_AGGRESSIVE;
				GCC_WARN_UNUSED_FUNCTION = YES;
				GCC_WARN_UNUSED_VARIABLE = YES;
				IPHONEOS_DEPLOYMENT_TARGET = 18.2;
				LOCALIZATION_PREFERS_STRING_CATALOGS = YES;
				MTL_ENABLE_DEBUG_INFO = INCLUDE_SOURCE;
				MTL_FAST_MATH = YES;
				ONLY_ACTIVE_ARCH = YES;
				SDKROOT = iphoneos;
				SWIFT_ACTIVE_COMPILATION_CONDITIONS = "DEBUG $(inherited)";
				SWIFT_OPTIMIZATION_LEVEL = "-Onone";
			};
			name = Debug;
		};
		00EBA3132F11B85D00604261 /* Release */ = {
			isa = XCBuildConfiguration;
			buildSettings = {
				ALWAYS_SEARCH_USER_PATHS = NO;
				ASSETCATALOG_COMPILER_GENERATE_SWIFT_ASSET_SYMBOL_EXTENSIONS = YES;
				CLANG_ANALYZER_NONNULL = YES;
				CLANG_ANALYZER_NUMBER_OBJECT_CONVERSION = YES_AGGRESSIVE;
				CLANG_CXX_LANGUAGE_STANDARD = "gnu++20";
				CLANG_ENABLE_MODULES = YES;
				CLANG_ENABLE_OBJC_ARC = YES;
				CLANG_ENABLE_OBJC_WEAK = YES;
				CLANG_WARN_BLOCK_CAPTURE_AUTORELEASING = YES;
				CLANG_WARN_BOOL_CONVERSION = YES;
				CLANG_WARN_COMMA = YES;
				CLANG_WARN_CONSTANT_CONVERSION = YES;
				CLANG_WARN_DEPRECATED_OBJC_IMPLEMENTATIONS = YES;
				CLANG_WARN_DIRECT_OBJC_ISA_USAGE = YES_ERROR;
				CLANG_WARN_DOCUMENTATION_COMMENTS = YES;
				CLANG_WARN_EMPTY_BODY = YES;
				CLANG_WARN_ENUM_CONVERSION = YES;
				CLANG_WARN_INFINITE_RECURSION = YES;
				CLANG_WARN_INT_CONVERSION = YES;
				CLANG_WARN_NON_LITERAL_NULL_CONVERSION = YES;
				CLANG_WARN_OBJC_IMPLICIT_RETAIN_SELF = YES;
				CLANG_WARN_OBJC_LITERAL_CONVERSION = YES;
				CLANG_WARN_OBJC_ROOT_CLASS = YES_ERROR;
				CLANG_WARN_QUOTED_INCLUDE_IN_FRAMEWORK_HEADER = YES;
				CLANG_WARN_RANGE_LOOP_ANALYSIS = YES;
				CLANG_WARN_STRICT_PROTOTYPES = YES;
				CLANG_WARN_SUSPICIOUS_MOVE = YES;
				CLANG_WARN_UNGUARDED_AVAILABILITY = YES_AGGRESSIVE;
				CLANG_WARN_UNREACHABLE_CODE = YES;
				CLANG_WARN__DUPLICATE_METHOD_MATCH = YES;
				COPY_PHASE_STRIP = NO;
				DEBUG_INFORMATION_FORMAT = "dwarf-with-dsym";
				ENABLE_NS_ASSERTIONS = NO;
				ENABLE_STRICT_OBJC_MSGSEND = YES;
				ENABLE_USER_SCRIPT_SANDBOXING = YES;
				GCC_C_LANGUAGE_STANDARD = gnu17;
				GCC_NO_COMMON_BLOCKS = YES;
				GCC_WARN_64_TO_32_BIT_CONVERSION = YES;
				GCC_WARN_ABOUT_RETURN_TYPE = YES_ERROR;
				GCC_WARN_UNDECLARED_SELECTOR = YES;
				GCC_WARN_UNINITIALIZED_AUTOS = YES_AGGRESSIVE;
				GCC_WARN_UNUSED_FUNCTION = YES;
				GCC_WARN_UNUSED_VARIABLE = YES;
				IPHONEOS_DEPLOYMENT_TARGET = 18.2;
				LOCALIZATION_PREFERS_STRING_CATALOGS = YES;
				MTL_ENABLE_DEBUG_INFO = NO;
				MTL_FAST_MATH = YES;
				SDKROOT = iphoneos;
				SWIFT_COMPILATION_MODE = wholemodule;
				VALIDATE_PRODUCT = YES;
			};
			name = Release;
		};
		00EBA3152F11B85D00604261 /* Debug */ = {
			isa = XCBuildConfiguration;
			buildSettings = {
				ASSETCATALOG_COMPILER_APPICON_NAME = AppIcon;
				ASSETCATALOG_COMPILER_GLOBAL_ACCENT_COLOR_NAME = AccentColor;
				CODE_SIGN_STYLE = Automatic;
				CURRENT_PROJECT_VERSION = 1;
				DEVELOPMENT_ASSET_PATHS = "\"Mindfold/Preview Content\"";
				DEVELOPMENT_TEAM = T4WS95HM35;
				ENABLE_PREVIEWS = YES;
				GENERATE_INFOPLIST_FILE = YES;
				INFOPLIST_KEY_CFBundleDisplayName = "Mindfold";
				INFOPLIST_KEY_LSApplicationCategoryType = "public.app-category.puzzle-games";
				INFOPLIST_KEY_UIApplicationSceneManifest_Generation = YES;
				INFOPLIST_KEY_UIApplicationSupportsIndirectInputEvents = YES;
				INFOPLIST_KEY_UILaunchScreen_Generation = YES;
				INFOPLIST_KEY_UISupportedInterfaceOrientations = UIInterfaceOrientationPortrait;
				INFOPLIST_KEY_UISupportedInterfaceOrientations_iPad = "UIInterfaceOrientationPortrait UIInterfaceOrientationPortraitUpsideDown";
				LD_RUNPATH_SEARCH_PATHS = (
					"$(inherited)",
					"@executable_path/Frameworks",
				);
				MARKETING_VERSION = 1.0;
				PRODUCT_BUNDLE_IDENTIFIER = "Evandabest.Mindfold";
				PRODUCT_NAME = "$(TARGET_NAME)";
				SWIFT_EMIT_LOC_STRINGS = YES;
				SWIFT_VERSION = 5.0;
				TARGETED_DEVICE_FAMILY = "1,2";
			};
			name = Debug;
		};
		00EBA3162F11B85D00604261 /* Release */ = {
			isa = XCBuildConfiguration;
			buildSettings = {
				ASSETCATALOG_COMPILER_APPICON_NAME = AppIcon;
				ASSETCATALOG_COMPILER_GLOBAL_ACCENT_COLOR_NAME = AccentColor;
				CODE_SIGN_STYLE = Automatic;
				CURRENT_PROJECT_VERSION = 1;
				DEVELOPMENT_ASSET_PATHS = "\"Mindfold/Preview Content\"";
				DEVELOPMENT_TEAM = T4WS95HM35;
				ENABLE_PREVIEWS = YES;
				GENERATE_INFOPLIST_FILE = YES;
				INFOPLIST_KEY_CFBundleDisplayName = "Mindfold";
				INFOPLIST_KEY_LSApplicationCategoryType = "public.app-category.puzzle-games";
				INFOPLIST_KEY_UIApplicationSceneManifest_Generation = YES;
				INFOPLIST_KEY_UIApplicationSupportsIndirectInputEvents = YES;
				INFOPLIST_KEY_UILaunchScreen_Generation = YES;
				INFOPLIST_KEY_UISupportedInterfaceOrientations = UIInterfaceOrientationPortrait;
				INFOPLIST_KEY_UISupportedInterfaceOrientations_iPad = "UIInterfaceOrientationPortrait UIInterfaceOrientationPortraitUpsideDown";
				LD_RUNPATH_SEARCH_PATHS = (
					"$(inherited)",
					"@executable_path/Frameworks",
				);
				MARKETING_VERSION = 1.0;
				PRODUCT_BUNDLE_IDENTIFIER = "Evandabest.Mindfold";
				PRODUCT_NAME = "$(TARGET_NAME)";
				SWIFT_EMIT_LOC_STRINGS = YES;
				SWIFT_VERSION = 5.0;
				TARGETED_DEVICE_FAMILY = "1,2";
			};
			name = Release;
		};
		00EBA3182F11B85D00604261 /* Debug */ = {
			isa = XCBuildConfiguration;
			buildSettings = {
				BUNDLE_LOADER = "$(TEST_HOST)";
				CODE_SIGN_STYLE = Automatic;
				CURRENT_PROJECT_VERSION = 1;
				GENERATE_INFOPLIST_FILE = YES;
				IPHONEOS_DEPLOYMENT_TARGET = 18.2;
				MARKETING_VERSION = 1.0;
				PRODUCT_BUNDLE_IDENTIFIER = "Evandabest.MindfoldTests";
				PRODUCT_NAME = "$(TARGET_NAME)";
				SWIFT_EMIT_LOC_STRINGS = NO;
				SWIFT_VERSION = 5.0;
				TARGETED_DEVICE_FAMILY = "1,2";
				TEST_HOST = "$(BUILT_PRODUCTS_DIR)/Mindfold.app/$(BUNDLE_EXECUTABLE_FOLDER_PATH)/Mindfold";
			};
			name = Debug;
		};
		00EBA3192F11B85D00604261 /* Release */ = {
			isa = XCBuildConfiguration;
			buildSettings = {
				BUNDLE_LOADER = "$(TEST_HOST)";
				CODE_SIGN_STYLE = Automatic;
				CURRENT_PROJECT_VERSION = 1;
				GENERATE_INFOPLIST_FILE = YES;
				IPHONEOS_DEPLOYMENT_TARGET = 18.2;
				MARKETING_VERSION = 1.0;
				PRODUCT_BUNDLE_IDENTIFIER = "Evandabest.MindfoldTests";
				PRODUCT_NAME = "$(TARGET_NAME)";
				SWIFT_EMIT_LOC_STRINGS = NO;
				SWIFT_VERSION = 5.0;
				TARGETED_DEVICE_FAMILY = "1,2";
				TEST_HOST = "$(BUILT_PRODUCTS_DIR)/Mindfold.app/$(BUNDLE_EXECUTABLE_FOLDER_PATH)/Mindfold";
			};
			name = Release;
		};
		00EBA31B2F11B85D00604261 /* Debug */ = {
			isa = XCBuildConfiguration;
			buildSettings = {
				CODE_SIGN_STYLE = Automatic;
				CURRENT_PROJECT_VERSION = 1;
				GENERATE_INFOPLIST_FILE = YES;
				MARKETING_VERSION = 1.0;
				PRODUCT_BUNDLE_IDENTIFIER = "Evandabest.MindfoldUITests";
				PRODUCT_NAME = "$(TARGET_NAME)";
				SWIFT_EMIT_LOC_STRINGS = NO;
				SWIFT_VERSION = 5.0;
				TARGETED_DEVICE_FAMILY = "1,2";
				TEST_TARGET_NAME = "Mindfold";
			};
			name = Debug;
		};
		00EBA31C2F11B85D00604261 /* Release */ = {
			isa = XCBuildConfiguration;
			buildSettings = {
				CODE_SIGN_STYLE = Automatic;
				CURRENT_PROJECT_VERSION = 1;
				GENERATE_INFOPLIST_FILE = YES;
				MARKETING_VERSION = 1.0;
				PRODUCT_BUNDLE_IDENTIFIER = "Evandabest.MindfoldUITests";
				PRODUCT_NAME = "$(TARGET_NAME)";
				SWIFT_EMIT_LOC_STRINGS = NO;
				SWIFT_VERSION = 5.0;
				TARGETED_DEVICE_FAMILY = "1,2";
				TEST_TARGET_NAME = "Mindfold";
			};
			name = Release;
		};
/* End XCBuildConfiguration section */

/* Begin XCConfigurationList section */
		00EBA2EB2F11B85B00604261 /* Build configuration list for PBXProject "Mindfold" */ = {
			isa = XCConfigurationList;
			buildConfigurations = (
				00EBA3122F11B85D00604261 /* Debug */,
				00EBA3132F11B85D00604261 /* Release */,
			);
			defaultConfigurationIsVisible = 0;
			defaultConfigurationName = Release;
		};
		00EBA3142F11B85D00604261 /* Build configuration list for PBXNativeTarget "Mindfold" */ = {
			isa = XCConfigurationList;
			buildConfigurations = (
				00EBA3152F11B85D00604261 /* Debug */,
				00EBA3162F11B85D00604261 /* Release */,
			);
			defaultConfigurationIsVisible = 0;
			defaultConfigurationName = Release;
		};
		00EBA3172F11B85D00604261 /* Build configuration list for PBXNativeTarget "MindfoldTests" */ = {
			isa = XCConfigurationList;
			buildConfigurations = (
				00EBA3182F11B85D00604261 /* Debug */,
				00EBA3192F11B85D00604261 /* Release */,
			);
			defaultConfigurationIsVisible = 0;
			defaultConfigurationName = Release;
		};
		00EBA31A2F11B85D00604261 /* Build configuration list for PBXNativeTarget "MindfoldUITests" */ = {
			isa = XCConfigurationList;
			buildConfigurations = (
				00EBA31B2F11B85D00604261 /* Debug */,
				00EBA31C2F11B85D00604261 /* Release */,
			);
			defaultConfigurationIsVisible = 0;
			defaultConfigurationName = Release;
		};
/* End XCConfigurationList section */
	};
	rootObject = 00EBA2E82F11B85B00604261 /* Project object */;
}
